// !$*UTF8*$!
{
	archiveVersion = 1;
	classes = {
	};
	objectVersion = 55;
	objects = {

/* Begin PBXBuildFile section */
		2F13835C28D4DC1D00F28116 /* first_swift_applicationApp.swift in Sources */ = {isa = PBXBuildFile; fileRef = 2F13835B28D4DC1D00F28116 /* first_swift_applicationApp.swift */; };
		2F13836028D4DC1E00F28116 /* Assets.xcassets in Resources */ = {isa = PBXBuildFile; fileRef = 2F13835F28D4DC1E00F28116 /* Assets.xcassets */; };
		2F13836328D4DC1E00F28116 /* Preview Assets.xcassets in Resources */ = {isa = PBXBuildFile; fileRef = 2F13836228D4DC1E00F28116 /* Preview Assets.xcassets */; };
		2F13836D28D4DC1E00F28116 /* first_swift_applicationTests.swift in Sources */ = {isa = PBXBuildFile; fileRef = 2F13836C28D4DC1E00F28116 /* first_swift_applicationTests.swift */; };
		2F13837728D4DC1E00F28116 /* first_swift_applicationUITests.swift in Sources */ = {isa = PBXBuildFile; fileRef = 2F13837628D4DC1E00F28116 /* first_swift_applicationUITests.swift */; };
		2F13837928D4DC1E00F28116 /* first_swift_applicationUITestsLaunchTests.swift in Sources */ = {isa = PBXBuildFile; fileRef = 2F13837828D4DC1E00F28116 /* first_swift_applicationUITestsLaunchTests.swift */; };
		2F13838628D4E34200F28116 /* list_model.swift in Sources */ = {isa = PBXBuildFile; fileRef = 2F13838528D4E34200F28116 /* list_model.swift */; };
		2F13838828D4E36600F28116 /* showlist.swift in Sources */ = {isa = PBXBuildFile; fileRef = 2F13838728D4E36600F28116 /* showlist.swift */; };
		2F13838A28D4E6DD00F28116 /* ListRow.swift in Sources */ = {isa = PBXBuildFile; fileRef = 2F13838928D4E6DD00F28116 /* ListRow.swift */; };
/* End PBXBuildFile section */

/* Begin PBXContainerItemProxy section */
		2F13836928D4DC1E00F28116 /* PBXContainerItemProxy */ = {
			isa = PBXContainerItemProxy;
			containerPortal = 2F13835028D4DC1D00F28116 /* Project object */;
			proxyType = 1;
			remoteGlobalIDString = 2F13835728D4DC1D00F28116;
			remoteInfo = "first swift application";
		};
		2F13837328D4DC1E00F28116 /* PBXContainerItemProxy */ = {
			isa = PBXContainerItemProxy;
			containerPortal = 2F13835028D4DC1D00F28116 /* Project object */;
			proxyType = 1;
			remoteGlobalIDString = 2F13835728D4DC1D00F28116;
			remoteInfo = "first swift application";
		};
/* End PBXContainerItemProxy section */

/* Begin PBXFileReference section */
		2F13835828D4DC1D00F28116 /* first swift application.app */ = {isa = PBXFileReference; explicitFileType = wrapper.application; includeInIndex = 0; path = "first swift application.app"; sourceTree = BUILT_PRODUCTS_DIR; };
		2F13835B28D4DC1D00F28116 /* first_swift_applicationApp.swift */ = {isa = PBXFileReference; lastKnownFileType = sourcecode.swift; path = first_swift_applicationApp.swift; sourceTree = "<group>"; };
		2F13835F28D4DC1E00F28116 /* Assets.xcassets */ = {isa = PBXFileReference; lastKnownFileType = folder.assetcatalog; path = Assets.xcassets; sourceTree = "<group>"; };
		2F13836228D4DC1E00F28116 /* Preview Assets.xcassets */ = {isa = PBXFileReference; lastKnownFileType = folder.assetcatalog; path = "Preview Assets.xcassets"; sourceTree = "<group>"; };
		2F13836828D4DC1E00F28116 /* first swift applicationTests.xctest */ = {isa = PBXFileReference; explicitFileType = wrapper.cfbundle; includeInIndex = 0; path = "first swift applicationTests.xctest"; sourceTree = BUILT_PRODUCTS_DIR; };
		2F13836C28D4DC1E00F28116 /* first_swift_applicationTests.swift */ = {isa = PBXFileReference; lastKnownFileType = sourcecode.swift; path = first_swift_applicationTests.swift; sourceTree = "<group>"; };
		2F13837228D4DC1E00F28116 /* first swift applicationUITests.xctest */ = {isa = PBXFileReference; explicitFileType = wrapper.cfbundle; includeInIndex = 0; path = "first swift applicationUITests.xctest"; sourceTree = BUILT_PRODUCTS_DIR; };
		2F13837628D4DC1E00F28116 /* first_swift_applicationUITests.swift */ = {isa = PBXFileReference; lastKnownFileType = sourcecode.swift; path = first_swift_applicationUITests.swift; sourceTree = "<group>"; };
		2F13837828D4DC1E00F28116 /* first_swift_applicationUITestsLaunchTests.swift */ = {isa = PBXFileReference; lastKnownFileType = sourcecode.swift; path = first_swift_applicationUITestsLaunchTests.swift; sourceTree = "<group>"; };
		2F13838528D4E34200F28116 /* list_model.swift */ = {isa = PBXFileReference; lastKnownFileType = sourcecode.swift; path = list_model.swift; sourceTree = "<group>"; };
		2F13838728D4E36600F28116 /* showlist.swift */ = {isa = PBXFileReference; lastKnownFileType = sourcecode.swift; path = showlist.swift; sourceTree = "<group>"; };
		2F13838928D4E6DD00F28116 /* ListRow.swift */ = {isa = PBXFileReference; lastKnownFileType = sourcecode.swift; path = ListRow.swift; sourceTree = "<group>"; };
/* End PBXFileReference section */

/* Begin PBXFrameworksBuildPhase section */
		2F13835528D4DC1D00F28116 /* Frameworks */ = {
			isa = PBXFrameworksBuildPhase;
			buildActionMask = 2147483647;
			files = (
			);
			runOnlyForDeploymentPostprocessing = 0;
		};
		2F13836528D4DC1E00F28116 /* Frameworks */ = {
			isa = PBXFrameworksBuildPhase;
			buildActionMask = 2147483647;
			files = (
			);
			runOnlyForDeploymentPostprocessing = 0;
		};
		2F13836F28D4DC1E00F28116 /* Frameworks */ = {
			isa = PBXFrameworksBuildPhase;
			buildActionMask = 2147483647;
			files = (
			);
			runOnlyForDeploymentPostprocessing = 0;
		};
/* End PBXFrameworksBuildPhase section */

/* Begin PBXGroup section */
		2F13834F28D4DC1D00F28116 = {
			isa = PBXGroup;
			children = (
				2F13835A28D4DC1D00F28116 /* first swift application */,
				2F13836B28D4DC1E00F28116 /* first swift applicationTests */,
				2F13837528D4DC1E00F28116 /* first swift applicationUITests */,
				2F13835928D4DC1D00F28116 /* Products */,
			);
			sourceTree = "<group>";
		};
		2F13835928D4DC1D00F28116 /* Products */ = {
			isa = PBXGroup;
			children = (
				2F13835828D4DC1D00F28116 /* first swift application.app */,
				2F13836828D4DC1E00F28116 /* first swift applicationTests.xctest */,
				2F13837228D4DC1E00F28116 /* first swift applicationUITests.xctest */,
			);
			name = Products;
			sourceTree = "<group>";
		};
		2F13835A28D4DC1D00F28116 /* first swift application */ = {
			isa = PBXGroup;
			children = (
				2F13835B28D4DC1D00F28116 /* first_swift_applicationApp.swift */,
				2F13838728D4E36600F28116 /* showlist.swift */,
				2F13838528D4E34200F28116 /* list_model.swift */,
				2F13835F28D4DC1E00F28116 /* Assets.xcassets */,
				2F13836128D4DC1E00F28116 /* Preview Content */,
				2F13838928D4E6DD00F28116 /* ListRow.swift */,
			);
			path = "first swift application";
			sourceTree = "<group>";
		};
		2F13836128D4DC1E00F28116 /* Preview Content */ = {
			isa = PBXGroup;
			children = (
				2F13836228D4DC1E00F28116 /* Preview Assets.xcassets */,
			);
			path = "Preview Content";
			sourceTree = "<group>";
		};
		2F13836B28D4DC1E00F28116 /* first swift applicationTests */ = {
			isa = PBXGroup;
			children = (
				2F13836C28D4DC1E00F28116 /* first_swift_applicationTests.swift */,
			);
			path = "first swift applicationTests";
			sourceTree = "<group>";
		};
		2F13837528D4DC1E00F28116 /* first swift applicationUITests */ = {
			isa = PBXGroup;
			children = (
				2F13837628D4DC1E00F28116 /* first_swift_applicationUITests.swift */,
				2F13837828D4DC1E00F28116 /* first_swift_applicationUITestsLaunchTests.swift */,
			);
			path = "first swift applicationUITests";
			sourceTree = "<group>";
		};
/* End PBXGroup section */

/* Begin PBXNativeTarget section */
		2F13835728D4DC1D00F28116 /* first swift application */ = {
			isa = PBXNativeTarget;
			buildConfigurationList = 2F13837C28D4DC1E00F28116 /* Build configuration list for PBXNativeTarget "first swift application" */;
			buildPhases = (
				2F13835428D4DC1D00F28116 /* Sources */,
				2F13835528D4DC1D00F28116 /* Frameworks */,
				2F13835628D4DC1D00F28116 /* Resources */,
			);
			buildRules = (
			);
			dependencies = (
			);
			name = "first swift application";
			productName = "first swift application";
			productReference = 2F13835828D4DC1D00F28116 /* first swift application.app */;
			productType = "com.apple.product-type.application";
		};
		2F13836728D4DC1E00F28116 /* first swift applicationTests */ = {
			isa = PBXNativeTarget;
			buildConfigurationList = 2F13837F28D4DC1E00F28116 /* Build configuration list for PBXNativeTarget "first swift applicationTests" */;
			buildPhases = (
				2F13836428D4DC1E00F28116 /* Sources */,
				2F13836528D4DC1E00F28116 /* Frameworks */,
				2F13836628D4DC1E00F28116 /* Resources */,
			);
			buildRules = (
			);
			dependencies = (
				2F13836A28D4DC1E00F28116 /* PBXTargetDependency */,
			);
			name = "first swift applicationTests";
			productName = "first swift applicationTests";
			productReference = 2F13836828D4DC1E00F28116 /* first swift applicationTests.xctest */;
			productType = "com.apple.product-type.bundle.unit-test";
		};
		2F13837128D4DC1E00F28116 /* first swift applicationUITests */ = {
			isa = PBXNativeTarget;
			buildConfigurationList = 2F13838228D4DC1E00F28116 /* Build configuration list for PBXNativeTarget "first swift applicationUITests" */;
			buildPhases = (
				2F13836E28D4DC1E00F28116 /* Sources */,
				2F13836F28D4DC1E00F28116 /* Frameworks */,
				2F13837028D4DC1E00F28116 /* Resources */,
			);
			buildRules = (
			);
			dependencies = (
				2F13837428D4DC1E00F28116 /* PBXTargetDependency */,
			);
			name = "first swift applicationUITests";
			productName = "first swift applicationUITests";
			productReference = 2F13837228D4DC1E00F28116 /* first swift applicationUITests.xctest */;
			productType = "com.apple.product-type.bundle.ui-testing";
		};
/* End PBXNativeTarget section */

/* Begin PBXProject section */
		2F13835028D4DC1D00F28116 /* Project object */ = {
			isa = PBXProject;
			attributes = {
				BuildIndependentTargetsInParallel = 1;
				LastSwiftUpdateCheck = 1310;
				LastUpgradeCheck = 1310;
				TargetAttributes = {
					2F13835728D4DC1D00F28116 = {
						CreatedOnToolsVersion = 13.1;
					};
					2F13836728D4DC1E00F28116 = {
						CreatedOnToolsVersion = 13.1;
						TestTargetID = 2F13835728D4DC1D00F28116;
					};
					2F13837128D4DC1E00F28116 = {
						CreatedOnToolsVersion = 13.1;
						TestTargetID = 2F13835728D4DC1D00F28116;
					};
				};
			};
			buildConfigurationList = 2F13835328D4DC1D00F28116 /* Build configuration list for PBXProject "first swift application" */;
			compatibilityVersion = "Xcode 13.0";
			developmentRegion = en;
			hasScannedForEncodings = 0;
			knownRegions = (
				en,
				Base,
			);
			mainGroup = 2F13834F28D4DC1D00F28116;
			productRefGroup = 2F13835928D4DC1D00F28116 /* Products */;
			projectDirPath = "";
			projectRoot = "";
			targets = (
				2F13835728D4DC1D00F28116 /* first swift application */,
				2F13836728D4DC1E00F28116 /* first swift applicationTests */,
				2F13837128D4DC1E00F28116 /* first swift applicationUITests */,
			);
		};
/* End PBXProject section */

/* Begin PBXResourcesBuildPhase section */
		2F13835628D4DC1D00F28116 /* Resources */ = {
			isa = PBXResourcesBuildPhase;
			buildActionMask = 2147483647;
			files = (
				2F13836328D4DC1E00F28116 /* Preview Assets.xcassets in Resources */,
				2F13836028D4DC1E00F28116 /* Assets.xcassets in Resources */,
			);
			runOnlyForDeploymentPostprocessing = 0;
		};
		2F13836628D4DC1E00F28116 /* Resources */ = {
			isa = PBXResourcesBuildPhase;
			buildActionMask = 2147483647;
			files = (
			);
			runOnlyForDeploymentPostprocessing = 0;
		};
		2F13837028D4DC1E00F28116 /* Resources */ = {
			isa = PBXResourcesBuildPhase;
			buildActionMask = 2147483647;
			files = (
			);
			runOnlyForDeploymentPostprocessing = 0;
		};
/* End PBXResourcesBuildPhase section */

/* Begin PBXSourcesBuildPhase section */
		2F13835428D4DC1D00F28116 /* Sources */ = {
			isa = PBXSourcesBuildPhase;
			buildActionMask = 2147483647;
			files = (
				2F13838A28D4E6DD00F28116 /* ListRow.swift in Sources */,
				2F13838628D4E34200F28116 /* list_model.swift in Sources */,
				2F13835C28D4DC1D00F28116 /* first_swift_applicationApp.swift in Sources */,
				2F13838828D4E36600F28116 /* showlist.swift in Sources */,
			);
			runOnlyForDeploymentPostprocessing = 0;
		};
		2F13836428D4DC1E00F28116 /* Sources */ = {
			isa = PBXSourcesBuildPhase;
			buildActionMask = 2147483647;
			files = (
				2F13836D28D4DC1E00F28116 /* first_swift_applicationTests.swift in Sources */,
			);
			runOnlyForDeploymentPostprocessing = 0;
		};
		2F13836E28D4DC1E00F28116 /* Sources */ = {
			isa = PBXSourcesBuildPhase;
			buildActionMask = 2147483647;
			files = (
				2F13837928D4DC1E00F28116 /* first_swift_applicationUITestsLaunchTests.swift in Sources */,
				2F13837728D4DC1E00F28116 /* first_swift_applicationUITests.swift in Sources */,
			);
			runOnlyForDeploymentPostprocessing = 0;
		};
/* End PBXSourcesBuildPhase section */

/* Begin PBXTargetDependency section */
		2F13836A28D4DC1E00F28116 /* PBXTargetDependency */ = {
			isa = PBXTargetDependency;
			target = 2F13835728D4DC1D00F28116 /* first swift application */;
			targetProxy = 2F13836928D4DC1E00F28116 /* PBXContainerItemProxy */;
		};
		2F13837428D4DC1E00F28116 /* PBXTargetDependency */ = {
			isa = PBXTargetDependency;
			target = 2F13835728D4DC1D00F28116 /* first swift application */;
			targetProxy = 2F13837328D4DC1E00F28116 /* PBXContainerItemProxy */;
		};
/* End PBXTargetDependency section */

/* Begin XCBuildConfiguration section */
		2F13837A28D4DC1E00F28116 /* Debug */ = {
			isa = XCBuildConfiguration;
			buildSettings = {
				ALWAYS_SEARCH_USER_PATHS = NO;
				CLANG_ANALYZER_NONNULL = YES;
				CLANG_ANALYZER_NUMBER_OBJECT_CONVERSION = YES_AGGRESSIVE;
				CLANG_CXX_LANGUAGE_STANDARD = "gnu++17";
				CLANG_CXX_LIBRARY = "libc++";
				CLANG_ENABLE_MODULES = YES;
				CLANG_ENABLE_OBJC_ARC = YES;
				CLANG_ENABLE_OBJC_WEAK = YES;
				CLANG_WARN_BLOCK_CAPTURE_AUTORELEASING = YES;
				CLANG_WARN_BOOL_CONVERSION = YES;
				CLANG_WARN_COMMA = YES;
				CLANG_WARN_CONSTANT_CONVERSION = YES;
				CLANG_WARN_DEPRECATED_OBJC_IMPLEMENTATIONS = YES;
				CLANG_WARN_DIRECT_OBJC_ISA_USAGE = YES_ERROR;
				CLANG_WARN_DOCUMENTATION_COMMENTS = YES;
				CLANG_WARN_EMPTY_BODY = YES;
				CLANG_WARN_ENUM_CONVERSION = YES;
				CLANG_WARN_INFINITE_RECURSION = YES;
				CLANG_WARN_INT_CONVERSION = YES;
				CLANG_WARN_NON_LITERAL_NULL_CONVERSION = YES;
				CLANG_WARN_OBJC_IMPLICIT_RETAIN_SELF = YES;
				CLANG_WARN_OBJC_LITERAL_CONVERSION = YES;
				CLANG_WARN_OBJC_ROOT_CLASS = YES_ERROR;
				CLANG_WARN_QUOTED_INCLUDE_IN_FRAMEWORK_HEADER = YES;
				CLANG_WARN_RANGE_LOOP_ANALYSIS = YES;
				CLANG_WARN_STRICT_PROTOTYPES = YES;
				CLANG_WARN_SUSPICIOUS_MOVE = YES;
				CLANG_WARN_UNGUARDED_AVAILABILITY = YES_AGGRESSIVE;
				CLANG_WARN_UNREACHABLE_CODE = YES;
				CLANG_WARN__DUPLICATE_METHOD_MATCH = YES;
				COPY_PHASE_STRIP = NO;
				DEBUG_INFORMATION_FORMAT = dwarf;
				ENABLE_STRICT_OBJC_MSGSEND = YES;
				ENABLE_TESTABILITY = YES;
				GCC_C_LANGUAGE_STANDARD = gnu11;
				GCC_DYNAMIC_NO_PIC = NO;
				GCC_NO_COMMON_BLOCKS = YES;
				GCC_OPTIMIZATION_LEVEL = 0;
				GCC_PREPROCESSOR_DEFINITIONS = (
					"DEBUG=1",
					"$(inherited)",
				);
				GCC_WARN_64_TO_32_BIT_CONVERSION = YES;
				GCC_WARN_ABOUT_RETURN_TYPE = YES_ERROR;
				GCC_WARN_UNDECLARED_SELECTOR = YES;
				GCC_WARN_UNINITIALIZED_AUTOS = YES_AGGRESSIVE;
				GCC_WARN_UNUSED_FUNCTION = YES;
				GCC_WARN_UNUSED_VARIABLE = YES;
				IPHONEOS_DEPLOYMENT_TARGET = 15.0;
				MTL_ENABLE_DEBUG_INFO = INCLUDE_SOURCE;
				MTL_FAST_MATH = YES;
				ONLY_ACTIVE_ARCH = YES;
				SDKROOT = iphoneos;
				SWIFT_ACTIVE_COMPILATION_CONDITIONS = DEBUG;
				SWIFT_OPTIMIZATION_LEVEL = "-Onone";
			};
			name = Debug;
		};
		2F13837B28D4DC1E00F28116 /* Release */ = {
			isa = XCBuildConfiguration;
			buildSettings = {
				ALWAYS_SEARCH_USER_PATHS = NO;
				CLANG_ANALYZER_NONNULL = YES;
				CLANG_ANALYZER_NUMBER_OBJECT_CONVERSION = YES_AGGRESSIVE;
				CLANG_CXX_LANGUAGE_STANDARD = "gnu++17";
				CLANG_CXX_LIBRARY = "libc++";
				CLANG_ENABLE_MODULES = YES;
				CLANG_ENABLE_OBJC_ARC = YES;
				CLANG_ENABLE_OBJC_WEAK = YES;
				CLANG_WARN_BLOCK_CAPTURE_AUTORELEASING = YES;
				CLANG_WARN_BOOL_CONVERSION = YES;
				CLANG_WARN_COMMA = YES;
				CLANG_WARN_CONSTANT_CONVERSION = YES;
				CLANG_WARN_DEPRECATED_OBJC_IMPLEMENTATIONS = YES;
				CLANG_WARN_DIRECT_OBJC_ISA_USAGE = YES_ERROR;
				CLANG_WARN_DOCUMENTATION_COMMENTS = YES;
				CLANG_WARN_EMPTY_BODY = YES;
				CLANG_WARN_ENUM_CONVERSION = YES;
				CLANG_WARN_INFINITE_RECURSION = YES;
				CLANG_WARN_INT_CONVERSION = YES;
				CLANG_WARN_NON_LITERAL_NULL_CONVERSION = YES;
				CLANG_WARN_OBJC_IMPLICIT_RETAIN_SELF = YES;
				CLANG_WARN_OBJC_LITERAL_CONVERSION = YES;
				CLANG_WARN_OBJC_ROOT_CLASS = YES_ERROR;
				CLANG_WARN_QUOTED_INCLUDE_IN_FRAMEWORK_HEADER = YES;
				CLANG_WARN_RANGE_LOOP_ANALYSIS = YES;
				CLANG_WARN_STRICT_PROTOTYPES = YES;
				CLANG_WARN_SUSPICIOUS_MOVE = YES;
				CLANG_WARN_UNGUARDED_AVAILABILITY = YES_AGGRESSIVE;
				CLANG_WARN_UNREACHABLE_CODE = YES;
				CLANG_WARN__DUPLICATE_METHOD_MATCH = YES;
				COPY_PHASE_STRIP = NO;
				DEBUG_INFORMATION_FORMAT = "dwarf-with-dsym";
				ENABLE_NS_ASSERTIONS = NO;
				ENABLE_STRICT_OBJC_MSGSEND = YES;
				GCC_C_LANGUAGE_STANDARD = gnu11;
				GCC_NO_COMMON_BLOCKS = YES;
				GCC_WARN_64_TO_32_BIT_CONVERSION = YES;
				GCC_WARN_ABOUT_RETURN_TYPE = YES_ERROR;
				GCC_WARN_UNDECLARED_SELECTOR = YES;
				GCC_WARN_UNINITIALIZED_AUTOS = YES_AGGRESSIVE;
				GCC_WARN_UNUSED_FUNCTION = YES;
				GCC_WARN_UNUSED_VARIABLE = YES;
				IPHONEOS_DEPLOYMENT_TARGET = 15.0;
				MTL_ENABLE_DEBUG_INFO = NO;
				MTL_FAST_MATH = YES;
				SDKROOT = iphoneos;
				SWIFT_COMPILATION_MODE = wholemodule;
				SWIFT_OPTIMIZATION_LEVEL = "-O";
				VALIDATE_PRODUCT = YES;
			};
			name = Release;
		};
		2F13837D28D4DC1E00F28116 /* Debug */ = {
			isa = XCBuildConfiguration;
			buildSettings = {
				ASSETCATALOG_COMPILER_APPICON_NAME = AppIcon;
				ASSETCATALOG_COMPILER_GLOBAL_ACCENT_COLOR_NAME = AccentColor;
				CODE_SIGN_STYLE = Automatic;
				CURRENT_PROJECT_VERSION = 1;
				DEVELOPMENT_ASSET_PATHS = "\"first swift application/Preview Content\"";
				ENABLE_PREVIEWS = YES;
				GENERATE_INFOPLIST_FILE = YES;
				INFOPLIST_KEY_UIApplicationSceneManifest_Generation = YES;
				INFOPLIST_KEY_UIApplicationSupportsIndirectInputEvents = YES;
				INFOPLIST_KEY_UILaunchScreen_Generation = YES;
				INFOPLIST_KEY_UISupportedInterfaceOrientations_iPad = "UIInterfaceOrientationPortrait UIInterfaceOrientationPortraitUpsideDown UIInterfaceOrientationLandscapeLeft UIInterfaceOrientationLandscapeRight";
				INFOPLIST_KEY_UISupportedInterfaceOrientations_iPhone = "UIInterfaceOrientationPortrait UIInterfaceOrientationLandscapeLeft UIInterfaceOrientationLandscapeRight";
				LD_RUNPATH_SEARCH_PATHS = (
					"$(inherited)",
					"@executable_path/Frameworks",
				);
				MARKETING_VERSION = 1.0;
				PRODUCT_BUNDLE_IDENTIFIER = "organization.first-swift-application";
				PRODUCT_NAME = "$(TARGET_NAME)";
				SWIFT_EMIT_LOC_STRINGS = YES;
				SWIFT_VERSION = 5.0;
				TARGETED_DEVICE_FAMILY = "1,2";
			};
			name = Debug;
		};
		2F13837E28D4DC1E00F28116 /* Release */ = {
			isa = XCBuildConfiguration;
			buildSettings = {
				ASSETCATALOG_COMPILER_APPICON_NAME = AppIcon;
				ASSETCATALOG_COMPILER_GLOBAL_ACCENT_COLOR_NAME = AccentColor;
				CODE_SIGN_STYLE = Automatic;
				CURRENT_PROJECT_VERSION = 1;
				DEVELOPMENT_ASSET_PATHS = "\"first swift application/Preview Content\"";
				ENABLE_PREVIEWS = YES;
				GENERATE_INFOPLIST_FILE = YES;
				INFOPLIST_KEY_UIApplicationSceneManifest_Generation = YES;
				INFOPLIST_KEY_UIApplicationSupportsIndirectInputEvents = YES;
				INFOPLIST_KEY_UILaunchScreen_Generation = YES;
				INFOPLIST_KEY_UISupportedInterfaceOrientations_iPad = "UIInterfaceOrientationPortrait UIInterfaceOrientationPortraitUpsideDown UIInterfaceOrientationLandscapeLeft UIInterfaceOrientationLandscapeRight";
				INFOPLIST_KEY_UISupportedInterfaceOrientations_iPhone = "UIInterfaceOrientationPortrait UIInterfaceOrientationLandscapeLeft UIInterfaceOrientationLandscapeRight";
				LD_RUNPATH_SEARCH_PATHS = (
					"$(inherited)",
					"@executable_path/Frameworks",
				);
				MARKETING_VERSION = 1.0;
				PRODUCT_BUNDLE_IDENTIFIER = "organization.first-swift-application";
				PRODUCT_NAME = "$(TARGET_NAME)";
				SWIFT_EMIT_LOC_STRINGS = YES;
				SWIFT_VERSION = 5.0;
				TARGETED_DEVICE_FAMILY = "1,2";
			};
			name = Release;
		};
		2F13838028D4DC1E00F28116 /* Debug */ = {
			isa = XCBuildConfiguration;
			buildSettings = {
				ALWAYS_EMBED_SWIFT_STANDARD_LIBRARIES = YES;
				BUNDLE_LOADER = "$(TEST_HOST)";
				CODE_SIGN_STYLE = Automatic;
				CURRENT_PROJECT_VERSION = 1;
				GENERATE_INFOPLIST_FILE = YES;
				IPHONEOS_DEPLOYMENT_TARGET = 15.0;
				LD_RUNPATH_SEARCH_PATHS = (
					"$(inherited)",
					"@executable_path/Frameworks",
					"@loader_path/Frameworks",
				);
				MARKETING_VERSION = 1.0;
				PRODUCT_BUNDLE_IDENTIFIER = "organization.first-swift-applicationTests";
				PRODUCT_NAME = "$(TARGET_NAME)";
				SWIFT_EMIT_LOC_STRINGS = NO;
				SWIFT_VERSION = 5.0;
				TARGETED_DEVICE_FAMILY = "1,2";
				TEST_HOST = "$(BUILT_PRODUCTS_DIR)/first swift application.app/first swift application";
			};
			name = Debug;
		};
		2F13838128D4DC1E00F28116 /* Release */ = {
			isa = XCBuildConfiguration;
			buildSettings = {
				ALWAYS_EMBED_SWIFT_STANDARD_LIBRARIES = YES;
				BUNDLE_LOADER = "$(TEST_HOST)";
				CODE_SIGN_STYLE = Automatic;
				CURRENT_PROJECT_VERSION = 1;
				GENERATE_INFOPLIST_FILE = YES;
				IPHONEOS_DEPLOYMENT_TARGET = 15.0;
				LD_RUNPATH_SEARCH_PATHS = (
					"$(inherited)",
					"@executable_path/Frameworks",
					"@loader_path/Frameworks",
				);
				MARKETING_VERSION = 1.0;
				PRODUCT_BUNDLE_IDENTIFIER = "organization.first-swift-applicationTests";
				PRODUCT_NAME = "$(TARGET_NAME)";
				SWIFT_EMIT_LOC_STRINGS = NO;
				SWIFT_VERSION = 5.0;
				TARGETED_DEVICE_FAMILY = "1,2";
				TEST_HOST = "$(BUILT_PRODUCTS_DIR)/first swift application.app/first swift application";
			};
			name = Release;
		};
		2F13838328D4DC1E00F28116 /* Debug */ = {
			isa = XCBuildConfiguration;
			buildSettings = {
				ALWAYS_EMBED_SWIFT_STANDARD_LIBRARIES = YES;
				CODE_SIGN_STYLE = Automatic;
				CURRENT_PROJECT_VERSION = 1;
				GENERATE_INFOPLIST_FILE = YES;
				LD_RUNPATH_SEARCH_PATHS = (
					"$(inherited)",
					"@executable_path/Frameworks",
					"@loader_path/Frameworks",
				);
				MARKETING_VERSION = 1.0;
				PRODUCT_BUNDLE_IDENTIFIER = "organization.first-swift-applicationUITests";
				PRODUCT_NAME = "$(TARGET_NAME)";
				SWIFT_EMIT_LOC_STRINGS = NO;
				SWIFT_VERSION = 5.0;
				TARGETED_DEVICE_FAMILY = "1,2";
				TEST_TARGET_NAME = "first swift application";
			};
			name = Debug;
		};
		2F13838428D4DC1E00F28116 /* Release */ = {
			isa = XCBuildConfiguration;
			buildSettings = {
				ALWAYS_EMBED_SWIFT_STANDARD_LIBRARIES = YES;
				CODE_SIGN_STYLE = Automatic;
				CURRENT_PROJECT_VERSION = 1;
				GENERATE_INFOPLIST_FILE = YES;
				LD_RUNPATH_SEARCH_PATHS = (
					"$(inherited)",
					"@executable_path/Frameworks",
					"@loader_path/Frameworks",
				);
				MARKETING_VERSION = 1.0;
				PRODUCT_BUNDLE_IDENTIFIER = "organization.first-swift-applicationUITests";
				PRODUCT_NAME = "$(TARGET_NAME)";
				SWIFT_EMIT_LOC_STRINGS = NO;
				SWIFT_VERSION = 5.0;
				TARGETED_DEVICE_FAMILY = "1,2";
				TEST_TARGET_NAME = "first swift application";
			};
			name = Release;
		};
/* End XCBuildConfiguration section */

/* Begin XCConfigurationList section */
		2F13835328D4DC1D00F28116 /* Build configuration list for PBXProject "first swift application" */ = {
			isa = XCConfigurationList;
			buildConfigurations = (
				2F13837A28D4DC1E00F28116 /* Debug */,
				2F13837B28D4DC1E00F28116 /* Release */,
			);
			defaultConfigurationIsVisible = 0;
			defaultConfigurationName = Release;
		};
		2F13837C28D4DC1E00F28116 /* Build configuration list for PBXNativeTarget "first swift application" */ = {
			isa = XCConfigurationList;
			buildConfigurations = (
				2F13837D28D4DC1E00F28116 /* Debug */,
				2F13837E28D4DC1E00F28116 /* Release */,
			);
			defaultConfigurationIsVisible = 0;
			defaultConfigurationName = Release;
		};
		2F13837F28D4DC1E00F28116 /* Build configuration list for PBXNativeTarget "first swift applicationTests" */ = {
			isa = XCConfigurationList;
			buildConfigurations = (
				2F13838028D4DC1E00F28116 /* Debug */,
				2F13838128D4DC1E00F28116 /* Release */,
			);
			defaultConfigurationIsVisible = 0;
			defaultConfigurationName = Release;
		};
		2F13838228D4DC1E00F28116 /* Build configuration list for PBXNativeTarget "first swift applicationUITests" */ = {
			isa = XCConfigurationList;
			buildConfigurations = (
				2F13838328D4DC1E00F28116 /* Debug */,
				2F13838428D4DC1E00F28116 /* Release */,
			);
			defaultConfigurationIsVisible = 0;
			defaultConfigurationName = Release;
		};
/* End XCConfigurationList section */
	};
	rootObject = 2F13835028D4DC1D00F28116 /* Project object */;
}
